{
    "_readme": [
        "This file locks the dependencies of your project to a known state",
        "Read more about it at https://getcomposer.org/doc/01-basic-usage.md#composer-lock-the-lock-file",
        "This file is @generated automatically"
    ],
    "hash": "94dfb1eb513dac358ae2c2d8d4437755",
    "content-hash": "03c330c0711cca9646c56390f5bce9d0",
    "packages": [],
    "packages-dev": [],
    "aliases": [],
    "minimum-stability": "stable",
    "stability-flags": [],
    "prefer-stable": false,
    "prefer-lowest": false,
    "platform": {
        "ext-bcmath": "*",
        "ext-gd": "*"
    },
    "platform-dev": []
}
